<?xml version="1.0" encoding="UTF-8" standalone="yes" ?>
<CodeBlocks_project_file>
	<FileVersion major="1" minor="6" />
	<Project>
		<Option title="PIFRO2" />
		<Option pch_mode="2" />
		<Option compiler="gcc" />
		<Build>
			<Target title="default">
				<Option output="PIFRO2" prefix_auto="1" extension_auto="1" />
				<Option type="1" />
				<Option compiler="gcc" />
				<Compiler>
					<Add directory="include" />
					<Add directory="src" />
				</Compiler>
			</Target>
		</Build>
		<Unit filename="include\BRKGA.h" />
		<Unit filename="include\BRKGADecoder.h" />
		<Unit filename="include\BreadthFirst.h" />
		<Unit filename="include\Comparision.h" />
		<Unit filename="include\Constants.h" />
		<Unit filename="include\Demand.h" />
		<Unit filename="include\Dijkstra.h" />
		<Unit filename="include\Functions.h" />
		<Unit filename="include\Graph.h" />
		<Unit filename="include\Greedy.h" />
		<Unit filename="include\MTRand.h" />
		<Unit filename="include\Macros.h" />
		<Unit filename="include\Population.h" />
		<Unit filename="include\Request.h" />
		<Unit filename="include\Vertex.h" />
		<Unit filename="include\rngs.h" />
		<Unit filename="include\rvgs.h" />
		<Unit filename="main.cpp" />
		<Unit filename="src\BRKGADecoder.cpp" />
		<Unit filename="src\BreadthFirst.cpp" />
		<Unit filename="src\Demand.cpp" />
		<Unit filename="src\Dijkstra.cpp" />
		<Unit filename="src\Functions.cpp" />
		<Unit filename="src\Graph.cpp" />
		<Unit filename="src\Greedy.cpp" />
		<Unit filename="src\Request.cpp" />
		<Unit filename="src\Vertex.cpp" />
		<Unit filename="src\rngs.cpp" />
		<Unit filename="src\rvgs.cpp" />
		<Extensions>
			<code_completion />
			<envvars />
			<debugger />
		</Extensions>
	</Project>
</CodeBlocks_project_file>
